// !$*UTF8*$!
{
	archiveVersion = 1;
	classes = {
	};
	objectVersion = 45;
	objects = {

/* Begin PBXAggregateTarget section */
		24416B8111C4CA220047AFDD /* Build & Test */ = {
			isa = PBXAggregateTarget;
			buildConfigurationList = 24416B8A11C4CA520047AFDD /* Build configuration list for PBXAggregateTarget "Build & Test" */;
			buildPhases = (
				24416B8011C4CA220047AFDD /* ShellScript */,
			);
			dependencies = (
				24416B8511C4CA280047AFDD /* PBXTargetDependency */,
			);
			name = "Build & Test";
			productName = "Build & test";
		};
/* End PBXAggregateTarget section */

/* Begin PBXBuildFile section */
		24DD6CF91134B3F500162E58 /* ComAppersonlabsBrightcoveModule.h in Headers */ = {isa = PBXBuildFile; fileRef = 24DD6CF71134B3F500162E58 /* ComAppersonlabsBrightcoveModule.h */; };
		24DD6CFA1134B3F500162E58 /* ComAppersonlabsBrightcoveModule.m in Sources */ = {isa = PBXBuildFile; fileRef = 24DD6CF81134B3F500162E58 /* ComAppersonlabsBrightcoveModule.m */; };
		24DE9E1111C5FE74003F90F6 /* ComAppersonlabsBrightcoveModuleAssets.h in Headers */ = {isa = PBXBuildFile; fileRef = 24DE9E0F11C5FE74003F90F6 /* ComAppersonlabsBrightcoveModuleAssets.h */; };
		24DE9E1211C5FE74003F90F6 /* ComAppersonlabsBrightcoveModuleAssets.m in Sources */ = {isa = PBXBuildFile; fileRef = 24DE9E1011C5FE74003F90F6 /* ComAppersonlabsBrightcoveModuleAssets.m */; };
		AA747D9F0F9514B9006C5449 /* ComAppersonlabsBrightcove_Prefix.pch in Headers */ = {isa = PBXBuildFile; fileRef = AA747D9E0F9514B9006C5449 /* ComAppersonlabsBrightcove_Prefix.pch */; };
		AACBBE4A0F95108600F1A2B1 /* Foundation.framework in Frameworks */ = {isa = PBXBuildFile; fileRef = AACBBE490F95108600F1A2B1 /* Foundation.framework */; };
		DAD9940C1A03EFCC006B2DB1 /* ComAppersonlabsBrightcovePlayerViewProxy.h in Headers */ = {isa = PBXBuildFile; fileRef = DAD9940A1A03EFCC006B2DB1 /* ComAppersonlabsBrightcovePlayerViewProxy.h */; };
		DAD9940D1A03EFCC006B2DB1 /* ComAppersonlabsBrightcovePlayerViewProxy.m in Sources */ = {isa = PBXBuildFile; fileRef = DAD9940B1A03EFCC006B2DB1 /* ComAppersonlabsBrightcovePlayerViewProxy.m */; };
		DAD994101A03F01F006B2DB1 /* ComAppersonlabsBrightcovePlayerView.h in Headers */ = {isa = PBXBuildFile; fileRef = DAD9940E1A03F01F006B2DB1 /* ComAppersonlabsBrightcovePlayerView.h */; };
		DAD994111A03F01F006B2DB1 /* ComAppersonlabsBrightcovePlayerView.m in Sources */ = {isa = PBXBuildFile; fileRef = DAD9940F1A03F01F006B2DB1 /* ComAppersonlabsBrightcovePlayerView.m */; };
		DAE535521A02DCEA0016088C /* BCOVBasicSessionProvider.h in Headers */ = {isa = PBXBuildFile; fileRef = DAE535411A02DCEA0016088C /* BCOVBasicSessionProvider.h */; };
		DAE535531A02DCEA0016088C /* BCOVCatalogConstants.h in Headers */ = {isa = PBXBuildFile; fileRef = DAE535421A02DCEA0016088C /* BCOVCatalogConstants.h */; };
		DAE535541A02DCEA0016088C /* BCOVCatalogService.h in Headers */ = {isa = PBXBuildFile; fileRef = DAE535431A02DCEA0016088C /* BCOVCatalogService.h */; };
		DAE535551A02DCEA0016088C /* BCOVCuePoint.h in Headers */ = {isa = PBXBuildFile; fileRef = DAE535441A02DCEA0016088C /* BCOVCuePoint.h */; };
		DAE535561A02DCEA0016088C /* BCOVCuePointCollection.h in Headers */ = {isa = PBXBuildFile; fileRef = DAE535451A02DCEA0016088C /* BCOVCuePointCollection.h */; };
		DAE535571A02DCEA0016088C /* BCOVCuePointProgressPolicy.h in Headers */ = {isa = PBXBuildFile; fileRef = DAE535461A02DCEA0016088C /* BCOVCuePointProgressPolicy.h */; };
		DAE535581A02DCEA0016088C /* BCOVDelegatingSessionConsumer.h in Headers */ = {isa = PBXBuildFile; fileRef = DAE535471A02DCEA0016088C /* BCOVDelegatingSessionConsumer.h */; };
		DAE535591A02DCEA0016088C /* BCOVMediaRequestFactory.h in Headers */ = {isa = PBXBuildFile; fileRef = DAE535481A02DCEA0016088C /* BCOVMediaRequestFactory.h */; };
		DAE5355A1A02DCEA0016088C /* BCOVPlaybackController.h in Headers */ = {isa = PBXBuildFile; fileRef = DAE535491A02DCEA0016088C /* BCOVPlaybackController.h */; };
		DAE5355B1A02DCEA0016088C /* BCOVPlaybackSession.h in Headers */ = {isa = PBXBuildFile; fileRef = DAE5354A1A02DCEA0016088C /* BCOVPlaybackSession.h */; };
		DAE5355C1A02DCEA0016088C /* BCOVPlaybackSessionProvider.h in Headers */ = {isa = PBXBuildFile; fileRef = DAE5354B1A02DCEA0016088C /* BCOVPlaybackSessionProvider.h */; };
		DAE5355D1A02DCEA0016088C /* BCOVPlayerSDK.h in Headers */ = {isa = PBXBuildFile; fileRef = DAE5354C1A02DCEA0016088C /* BCOVPlayerSDK.h */; };
		DAE5355E1A02DCEA0016088C /* BCOVPlayerSDKManager.h in Headers */ = {isa = PBXBuildFile; fileRef = DAE5354D1A02DCEA0016088C /* BCOVPlayerSDKManager.h */; };
		DAE5355F1A02DCEA0016088C /* BCOVPlaylist.h in Headers */ = {isa = PBXBuildFile; fileRef = DAE5354E1A02DCEA0016088C /* BCOVPlaylist.h */; };
		DAE535601A02DCEA0016088C /* BCOVSource.h in Headers */ = {isa = PBXBuildFile; fileRef = DAE5354F1A02DCEA0016088C /* BCOVSource.h */; };
		DAE535611A02DCEA0016088C /* BCOVVideo.h in Headers */ = {isa = PBXBuildFile; fileRef = DAE535501A02DCEA0016088C /* BCOVVideo.h */; };
		DAE535621A02DCEA0016088C /* NSDictionary+BCOVURLSupport.h in Headers */ = {isa = PBXBuildFile; fileRef = DAE535511A02DCEA0016088C /* NSDictionary+BCOVURLSupport.h */; };
		DAE535641A02DD0A0016088C /* AVFoundation.framework in Frameworks */ = {isa = PBXBuildFile; fileRef = DAE535631A02DD0A0016088C /* AVFoundation.framework */; };
		DAE535661A02DD100016088C /* CoreMedia.framework in Frameworks */ = {isa = PBXBuildFile; fileRef = DAE535651A02DD100016088C /* CoreMedia.framework */; };
		DAE535681A02DD180016088C /* MediaPlayer.framework in Frameworks */ = {isa = PBXBuildFile; fileRef = DAE535671A02DD180016088C /* MediaPlayer.framework */; };
		DAE5356A1A02DD250016088C /* libBCOVPlayerSDK.a in Frameworks */ = {isa = PBXBuildFile; fileRef = DAE535691A02DD250016088C /* libBCOVPlayerSDK.a */; };
/* End PBXBuildFile section */

/* Begin PBXContainerItemProxy section */
		24416B8411C4CA280047AFDD /* PBXContainerItemProxy */ = {
			isa = PBXContainerItemProxy;
			containerPortal = 0867D690FE84028FC02AAC07 /* Project object */;
			proxyType = 1;
			remoteGlobalIDString = D2AAC07D0554694100DB518D;
			remoteInfo = brightcove;
		};
/* End PBXContainerItemProxy section */

/* Begin PBXFileReference section */
		24DD6CF71134B3F500162E58 /* ComAppersonlabsBrightcoveModule.h */ = {isa = PBXFileReference; fileEncoding = 4; lastKnownFileType = sourcecode.c.h; name = ComAppersonlabsBrightcoveModule.h; path = Classes/ComAppersonlabsBrightcoveModule.h; sourceTree = "<group>"; };
		24DD6CF81134B3F500162E58 /* ComAppersonlabsBrightcoveModule.m */ = {isa = PBXFileReference; fileEncoding = 4; lastKnownFileType = sourcecode.c.objc; name = ComAppersonlabsBrightcoveModule.m; path = Classes/ComAppersonlabsBrightcoveModule.m; sourceTree = "<group>"; };
		24DD6D1B1134B66800162E58 /* titanium.xcconfig */ = {isa = PBXFileReference; fileEncoding = 4; lastKnownFileType = text.xcconfig; path = titanium.xcconfig; sourceTree = "<group>"; };
		24DE9E0F11C5FE74003F90F6 /* ComAppersonlabsBrightcoveModuleAssets.h */ = {isa = PBXFileReference; fileEncoding = 4; lastKnownFileType = sourcecode.c.h; name = ComAppersonlabsBrightcoveModuleAssets.h; path = Classes/ComAppersonlabsBrightcoveModuleAssets.h; sourceTree = "<group>"; };
		24DE9E1011C5FE74003F90F6 /* ComAppersonlabsBrightcoveModuleAssets.m */ = {isa = PBXFileReference; fileEncoding = 4; lastKnownFileType = sourcecode.c.objc; name = ComAppersonlabsBrightcoveModuleAssets.m; path = Classes/ComAppersonlabsBrightcoveModuleAssets.m; sourceTree = "<group>"; };
		AA747D9E0F9514B9006C5449 /* ComAppersonlabsBrightcove_Prefix.pch */ = {isa = PBXFileReference; fileEncoding = 4; lastKnownFileType = sourcecode.c.h; path = ComAppersonlabsBrightcove_Prefix.pch; sourceTree = SOURCE_ROOT; };
		AACBBE490F95108600F1A2B1 /* Foundation.framework */ = {isa = PBXFileReference; lastKnownFileType = wrapper.framework; name = Foundation.framework; path = System/Library/Frameworks/Foundation.framework; sourceTree = SDKROOT; };
		D2AAC07E0554694100DB518D /* libComAppersonlabsBrightcove.a */ = {isa = PBXFileReference; explicitFileType = archive.ar; includeInIndex = 0; path = libComAppersonlabsBrightcove.a; sourceTree = BUILT_PRODUCTS_DIR; };
		DAD9940A1A03EFCC006B2DB1 /* ComAppersonlabsBrightcovePlayerViewProxy.h */ = {isa = PBXFileReference; fileEncoding = 4; lastKnownFileType = sourcecode.c.h; name = ComAppersonlabsBrightcovePlayerViewProxy.h; path = Classes/ComAppersonlabsBrightcovePlayerViewProxy.h; sourceTree = "<group>"; };
		DAD9940B1A03EFCC006B2DB1 /* ComAppersonlabsBrightcovePlayerViewProxy.m */ = {isa = PBXFileReference; fileEncoding = 4; lastKnownFileType = sourcecode.c.objc; name = ComAppersonlabsBrightcovePlayerViewProxy.m; path = Classes/ComAppersonlabsBrightcovePlayerViewProxy.m; sourceTree = "<group>"; };
		DAD9940E1A03F01F006B2DB1 /* ComAppersonlabsBrightcovePlayerView.h */ = {isa = PBXFileReference; fileEncoding = 4; lastKnownFileType = sourcecode.c.h; name = ComAppersonlabsBrightcovePlayerView.h; path = Classes/ComAppersonlabsBrightcovePlayerView.h; sourceTree = "<group>"; };
		DAD9940F1A03F01F006B2DB1 /* ComAppersonlabsBrightcovePlayerView.m */ = {isa = PBXFileReference; fileEncoding = 4; lastKnownFileType = sourcecode.c.objc; name = ComAppersonlabsBrightcovePlayerView.m; path = Classes/ComAppersonlabsBrightcovePlayerView.m; sourceTree = "<group>"; };
		DAE535411A02DCEA0016088C /* BCOVBasicSessionProvider.h */ = {isa = PBXFileReference; fileEncoding = 4; lastKnownFileType = sourcecode.c.h; name = BCOVBasicSessionProvider.h; path = "vendor/brightcove-player-sdk-ios/Headers/BCOVBasicSessionProvider.h"; sourceTree = "<group>"; };
		DAE535421A02DCEA0016088C /* BCOVCatalogConstants.h */ = {isa = PBXFileReference; fileEncoding = 4; lastKnownFileType = sourcecode.c.h; name = BCOVCatalogConstants.h; path = "vendor/brightcove-player-sdk-ios/Headers/BCOVCatalogConstants.h"; sourceTree = "<group>"; };
		DAE535431A02DCEA0016088C /* BCOVCatalogService.h */ = {isa = PBXFileReference; fileEncoding = 4; lastKnownFileType = sourcecode.c.h; name = BCOVCatalogService.h; path = "vendor/brightcove-player-sdk-ios/Headers/BCOVCatalogService.h"; sourceTree = "<group>"; };
		DAE535441A02DCEA0016088C /* BCOVCuePoint.h */ = {isa = PBXFileReference; fileEncoding = 4; lastKnownFileType = sourcecode.c.h; name = BCOVCuePoint.h; path = "vendor/brightcove-player-sdk-ios/Headers/BCOVCuePoint.h"; sourceTree = "<group>"; };
		DAE535451A02DCEA0016088C /* BCOVCuePointCollection.h */ = {isa = PBXFileReference; fileEncoding = 4; lastKnownFileType = sourcecode.c.h; name = BCOVCuePointCollection.h; path = "vendor/brightcove-player-sdk-ios/Headers/BCOVCuePointCollection.h"; sourceTree = "<group>"; };
		DAE535461A02DCEA0016088C /* BCOVCuePointProgressPolicy.h */ = {isa = PBXFileReference; fileEncoding = 4; lastKnownFileType = sourcecode.c.h; name = BCOVCuePointProgressPolicy.h; path = "vendor/brightcove-player-sdk-ios/Headers/BCOVCuePointProgressPolicy.h"; sourceTree = "<group>"; };
		DAE535471A02DCEA0016088C /* BCOVDelegatingSessionConsumer.h */ = {isa = PBXFileReference; fileEncoding = 4; lastKnownFileType = sourcecode.c.h; name = BCOVDelegatingSessionConsumer.h; path = "vendor/brightcove-player-sdk-ios/Headers/BCOVDelegatingSessionConsumer.h"; sourceTree = "<group>"; };
		DAE535481A02DCEA0016088C /* BCOVMediaRequestFactory.h */ = {isa = PBXFileReference; fileEncoding = 4; lastKnownFileType = sourcecode.c.h; name = BCOVMediaRequestFactory.h; path = "vendor/brightcove-player-sdk-ios/Headers/BCOVMediaRequestFactory.h"; sourceTree = "<group>"; };
		DAE535491A02DCEA0016088C /* BCOVPlaybackController.h */ = {isa = PBXFileReference; fileEncoding = 4; lastKnownFileType = sourcecode.c.h; name = BCOVPlaybackController.h; path = "vendor/brightcove-player-sdk-ios/Headers/BCOVPlaybackController.h"; sourceTree = "<group>"; };
		DAE5354A1A02DCEA0016088C /* BCOVPlaybackSession.h */ = {isa = PBXFileReference; fileEncoding = 4; lastKnownFileType = sourcecode.c.h; name = BCOVPlaybackSession.h; path = "vendor/brightcove-player-sdk-ios/Headers/BCOVPlaybackSession.h"; sourceTree = "<group>"; };
		DAE5354B1A02DCEA0016088C /* BCOVPlaybackSessionProvider.h */ = {isa = PBXFileReference; fileEncoding = 4; lastKnownFileType = sourcecode.c.h; name = BCOVPlaybackSessionProvider.h; path = "vendor/brightcove-player-sdk-ios/Headers/BCOVPlaybackSessionProvider.h"; sourceTree = "<group>"; };
		DAE5354C1A02DCEA0016088C /* BCOVPlayerSDK.h */ = {isa = PBXFileReference; fileEncoding = 4; lastKnownFileType = sourcecode.c.h; name = BCOVPlayerSDK.h; path = "vendor/brightcove-player-sdk-ios/Headers/BCOVPlayerSDK.h"; sourceTree = "<group>"; };
		DAE5354D1A02DCEA0016088C /* BCOVPlayerSDKManager.h */ = {isa = PBXFileReference; fileEncoding = 4; lastKnownFileType = sourcecode.c.h; name = BCOVPlayerSDKManager.h; path = "vendor/brightcove-player-sdk-ios/Headers/BCOVPlayerSDKManager.h"; sourceTree = "<group>"; };
		DAE5354E1A02DCEA0016088C /* BCOVPlaylist.h */ = {isa = PBXFileReference; fileEncoding = 4; lastKnownFileType = sourcecode.c.h; name = BCOVPlaylist.h; path = "vendor/brightcove-player-sdk-ios/Headers/BCOVPlaylist.h"; sourceTree = "<group>"; };
		DAE5354F1A02DCEA0016088C /* BCOVSource.h */ = {isa = PBXFileReference; fileEncoding = 4; lastKnownFileType = sourcecode.c.h; name = BCOVSource.h; path = "vendor/brightcove-player-sdk-ios/Headers/BCOVSource.h"; sourceTree = "<group>"; };
		DAE535501A02DCEA0016088C /* BCOVVideo.h */ = {isa = PBXFileReference; fileEncoding = 4; lastKnownFileType = sourcecode.c.h; name = BCOVVideo.h; path = "vendor/brightcove-player-sdk-ios/Headers/BCOVVideo.h"; sourceTree = "<group>"; };
		DAE535511A02DCEA0016088C /* NSDictionary+BCOVURLSupport.h */ = {isa = PBXFileReference; fileEncoding = 4; lastKnownFileType = sourcecode.c.h; name = "NSDictionary+BCOVURLSupport.h"; path = "vendor/brightcove-player-sdk-ios/Headers/NSDictionary+BCOVURLSupport.h"; sourceTree = "<group>"; };
		DAE535631A02DD0A0016088C /* AVFoundation.framework */ = {isa = PBXFileReference; lastKnownFileType = wrapper.framework; name = AVFoundation.framework; path = System/Library/Frameworks/AVFoundation.framework; sourceTree = SDKROOT; };
		DAE535651A02DD100016088C /* CoreMedia.framework */ = {isa = PBXFileReference; lastKnownFileType = wrapper.framework; name = CoreMedia.framework; path = System/Library/Frameworks/CoreMedia.framework; sourceTree = SDKROOT; };
		DAE535671A02DD180016088C /* MediaPlayer.framework */ = {isa = PBXFileReference; lastKnownFileType = wrapper.framework; name = MediaPlayer.framework; path = System/Library/Frameworks/MediaPlayer.framework; sourceTree = SDKROOT; };
		DAE535691A02DD250016088C /* libBCOVPlayerSDK.a */ = {isa = PBXFileReference; lastKnownFileType = archive.ar; name = libBCOVPlayerSDK.a; path = "vendor/brightcove-player-sdk-ios/Library/libBCOVPlayerSDK.a"; sourceTree = "<group>"; };
/* End PBXFileReference section */

/* Begin PBXFrameworksBuildPhase section */
		D2AAC07C0554694100DB518D /* Frameworks */ = {
			isa = PBXFrameworksBuildPhase;
			buildActionMask = 2147483647;
			files = (
				DAE5356A1A02DD250016088C /* libBCOVPlayerSDK.a in Frameworks */,
				DAE535681A02DD180016088C /* MediaPlayer.framework in Frameworks */,
				DAE535661A02DD100016088C /* CoreMedia.framework in Frameworks */,
				DAE535641A02DD0A0016088C /* AVFoundation.framework in Frameworks */,
				AACBBE4A0F95108600F1A2B1 /* Foundation.framework in Frameworks */,
			);
			runOnlyForDeploymentPostprocessing = 0;
		};
/* End PBXFrameworksBuildPhase section */

/* Begin PBXGroup section */
		034768DFFF38A50411DB9C8B /* Products */ = {
			isa = PBXGroup;
			children = (
				D2AAC07E0554694100DB518D /* libComAppersonlabsBrightcove.a */,
			);
			name = Products;
			sourceTree = "<group>";
		};
		0867D691FE84028FC02AAC07 /* brightcove */ = {
			isa = PBXGroup;
			children = (
				08FB77AEFE84172EC02AAC07 /* Classes */,
				DAE535401A02DCC80016088C /* brightcove-player-sdk-ios */,
				32C88DFF0371C24200C91783 /* Other Sources */,
				0867D69AFE84028FC02AAC07 /* Frameworks */,
				034768DFFF38A50411DB9C8B /* Products */,
			);
			name = brightcove;
			sourceTree = "<group>";
		};
		0867D69AFE84028FC02AAC07 /* Frameworks */ = {
			isa = PBXGroup;
			children = (
				DAE535691A02DD250016088C /* libBCOVPlayerSDK.a */,
				DAE535671A02DD180016088C /* MediaPlayer.framework */,
				DAE535651A02DD100016088C /* CoreMedia.framework */,
				DAE535631A02DD0A0016088C /* AVFoundation.framework */,
				AACBBE490F95108600F1A2B1 /* Foundation.framework */,
			);
			name = Frameworks;
			sourceTree = "<group>";
		};
		08FB77AEFE84172EC02AAC07 /* Classes */ = {
			isa = PBXGroup;
			children = (
				24DE9E0F11C5FE74003F90F6 /* ComAppersonlabsBrightcoveModuleAssets.h */,
				24DE9E1011C5FE74003F90F6 /* ComAppersonlabsBrightcoveModuleAssets.m */,
				24DD6CF71134B3F500162E58 /* ComAppersonlabsBrightcoveModule.h */,
				24DD6CF81134B3F500162E58 /* ComAppersonlabsBrightcoveModule.m */,
				DAD9940A1A03EFCC006B2DB1 /* ComAppersonlabsBrightcovePlayerViewProxy.h */,
				DAD9940B1A03EFCC006B2DB1 /* ComAppersonlabsBrightcovePlayerViewProxy.m */,
				DAD9940E1A03F01F006B2DB1 /* ComAppersonlabsBrightcovePlayerView.h */,
				DAD9940F1A03F01F006B2DB1 /* ComAppersonlabsBrightcovePlayerView.m */,
			);
			name = Classes;
			sourceTree = "<group>";
		};
		32C88DFF0371C24200C91783 /* Other Sources */ = {
			isa = PBXGroup;
			children = (
				AA747D9E0F9514B9006C5449 /* ComAppersonlabsBrightcove_Prefix.pch */,
				24DD6D1B1134B66800162E58 /* titanium.xcconfig */,
			);
			name = "Other Sources";
			sourceTree = "<group>";
		};
		DAE535401A02DCC80016088C /* brightcove-player-sdk-ios */ = {
			isa = PBXGroup;
			children = (
				DAE535411A02DCEA0016088C /* BCOVBasicSessionProvider.h */,
				DAE535421A02DCEA0016088C /* BCOVCatalogConstants.h */,
				DAE535431A02DCEA0016088C /* BCOVCatalogService.h */,
				DAE535441A02DCEA0016088C /* BCOVCuePoint.h */,
				DAE535451A02DCEA0016088C /* BCOVCuePointCollection.h */,
				DAE535461A02DCEA0016088C /* BCOVCuePointProgressPolicy.h */,
				DAE535471A02DCEA0016088C /* BCOVDelegatingSessionConsumer.h */,
				DAE535481A02DCEA0016088C /* BCOVMediaRequestFactory.h */,
				DAE535491A02DCEA0016088C /* BCOVPlaybackController.h */,
				DAE5354A1A02DCEA0016088C /* BCOVPlaybackSession.h */,
				DAE5354B1A02DCEA0016088C /* BCOVPlaybackSessionProvider.h */,
				DAE5354C1A02DCEA0016088C /* BCOVPlayerSDK.h */,
				DAE5354D1A02DCEA0016088C /* BCOVPlayerSDKManager.h */,
				DAE5354E1A02DCEA0016088C /* BCOVPlaylist.h */,
				DAE5354F1A02DCEA0016088C /* BCOVSource.h */,
				DAE535501A02DCEA0016088C /* BCOVVideo.h */,
				DAE535511A02DCEA0016088C /* NSDictionary+BCOVURLSupport.h */,
			);
			name = "brightcove-player-sdk-ios";
			sourceTree = "<group>";
		};
/* End PBXGroup section */

/* Begin PBXHeadersBuildPhase section */
		D2AAC07A0554694100DB518D /* Headers */ = {
			isa = PBXHeadersBuildPhase;
			buildActionMask = 2147483647;
			files = (
				DAE5355E1A02DCEA0016088C /* BCOVPlayerSDKManager.h in Headers */,
				AA747D9F0F9514B9006C5449 /* ComAppersonlabsBrightcove_Prefix.pch in Headers */,
				DAE535531A02DCEA0016088C /* BCOVCatalogConstants.h in Headers */,
				DAE535601A02DCEA0016088C /* BCOVSource.h in Headers */,
				DAE535541A02DCEA0016088C /* BCOVCatalogService.h in Headers */,
				DAD9940C1A03EFCC006B2DB1 /* ComAppersonlabsBrightcovePlayerViewProxy.h in Headers */,
				DAE5355B1A02DCEA0016088C /* BCOVPlaybackSession.h in Headers */,
				DAE5355A1A02DCEA0016088C /* BCOVPlaybackController.h in Headers */,
				DAE535591A02DCEA0016088C /* BCOVMediaRequestFactory.h in Headers */,
				DAE535581A02DCEA0016088C /* BCOVDelegatingSessionConsumer.h in Headers */,
				DAE535561A02DCEA0016088C /* BCOVCuePointCollection.h in Headers */,
				24DD6CF91134B3F500162E58 /* ComAppersonlabsBrightcoveModule.h in Headers */,
				DAE535621A02DCEA0016088C /* NSDictionary+BCOVURLSupport.h in Headers */,
				DAE5355D1A02DCEA0016088C /* BCOVPlayerSDK.h in Headers */,
				DAE5355F1A02DCEA0016088C /* BCOVPlaylist.h in Headers */,
				DAE535611A02DCEA0016088C /* BCOVVideo.h in Headers */,
				DAE5355C1A02DCEA0016088C /* BCOVPlaybackSessionProvider.h in Headers */,
				DAD994101A03F01F006B2DB1 /* ComAppersonlabsBrightcovePlayerView.h in Headers */,
				24DE9E1111C5FE74003F90F6 /* ComAppersonlabsBrightcoveModuleAssets.h in Headers */,
				DAE535571A02DCEA0016088C /* BCOVCuePointProgressPolicy.h in Headers */,
				DAE535521A02DCEA0016088C /* BCOVBasicSessionProvider.h in Headers */,
				DAE535551A02DCEA0016088C /* BCOVCuePoint.h in Headers */,
			);
			runOnlyForDeploymentPostprocessing = 0;
		};
/* End PBXHeadersBuildPhase section */

/* Begin PBXNativeTarget section */
		D2AAC07D0554694100DB518D /* brightcove */ = {
			isa = PBXNativeTarget;
			buildConfigurationList = 1DEB921E08733DC00010E9CD /* Build configuration list for PBXNativeTarget "brightcove" */;
			buildPhases = (
				D2AAC07A0554694100DB518D /* Headers */,
				D2AAC07B0554694100DB518D /* Sources */,
				D2AAC07C0554694100DB518D /* Frameworks */,
			);
			buildRules = (
			);
			dependencies = (
			);
			name = brightcove;
			productName = brightcove;
			productReference = D2AAC07E0554694100DB518D /* libComAppersonlabsBrightcove.a */;
			productType = "com.apple.product-type.library.static";
		};
/* End PBXNativeTarget section */

/* Begin PBXProject section */
		0867D690FE84028FC02AAC07 /* Project object */ = {
			isa = PBXProject;
			attributes = {
			};
			buildConfigurationList = 1DEB922208733DC00010E9CD /* Build configuration list for PBXProject "brightcove" */;
			compatibilityVersion = "Xcode 3.1";
			developmentRegion = English;
			hasScannedForEncodings = 1;
			knownRegions = (
				English,
				Japanese,
				French,
				German,
			);
			mainGroup = 0867D691FE84028FC02AAC07 /* brightcove */;
			productRefGroup = 034768DFFF38A50411DB9C8B /* Products */;
			projectDirPath = "";
			projectRoot = "";
			targets = (
				D2AAC07D0554694100DB518D /* brightcove */,
				24416B8111C4CA220047AFDD /* Build & Test */,
			);
		};
/* End PBXProject section */

/* Begin PBXShellScriptBuildPhase section */
		24416B8011C4CA220047AFDD /* ShellScript */ = {
			isa = PBXShellScriptBuildPhase;
			buildActionMask = 2147483647;
			files = (
			);
			inputPaths = (
			);
			outputPaths = (
			);
			runOnlyForDeploymentPostprocessing = 0;
			shellPath = /bin/sh;
			shellScript = "# shell script goes here\n\npython \"${TITANIUM_SDK}/titanium.py\" run --dir=\"${PROJECT_DIR}\"\nexit $?\n";
		};
/* End PBXShellScriptBuildPhase section */

/* Begin PBXSourcesBuildPhase section */
		D2AAC07B0554694100DB518D /* Sources */ = {
			isa = PBXSourcesBuildPhase;
			buildActionMask = 2147483647;
			files = (
				DAD9940D1A03EFCC006B2DB1 /* ComAppersonlabsBrightcovePlayerViewProxy.m in Sources */,
				24DD6CFA1134B3F500162E58 /* ComAppersonlabsBrightcoveModule.m in Sources */,
				DAD994111A03F01F006B2DB1 /* ComAppersonlabsBrightcovePlayerView.m in Sources */,
				24DE9E1211C5FE74003F90F6 /* ComAppersonlabsBrightcoveModuleAssets.m in Sources */,
			);
			runOnlyForDeploymentPostprocessing = 0;
		};
/* End PBXSourcesBuildPhase section */

/* Begin PBXTargetDependency section */
		24416B8511C4CA280047AFDD /* PBXTargetDependency */ = {
			isa = PBXTargetDependency;
			target = D2AAC07D0554694100DB518D /* brightcove */;
			targetProxy = 24416B8411C4CA280047AFDD /* PBXContainerItemProxy */;
		};
/* End PBXTargetDependency section */

/* Begin XCBuildConfiguration section */
		1DEB921F08733DC00010E9CD /* Debug */ = {
			isa = XCBuildConfiguration;
			baseConfigurationReference = 24DD6D1B1134B66800162E58 /* titanium.xcconfig */;
			buildSettings = {
				CODE_SIGN_IDENTITY = "iPhone Developer";
				"CODE_SIGN_IDENTITY[sdk=iphoneos*]" = "iPhone Developer";
				DSTROOT = /tmp/ComAppersonlabsBrightcove.dst;
				GCC_C_LANGUAGE_STANDARD = c99;
				GCC_OPTIMIZATION_LEVEL = 0;
				GCC_PRECOMPILE_PREFIX_HEADER = YES;
				GCC_PREFIX_HEADER = ComAppersonlabsBrightcove_Prefix.pch;
				GCC_PREPROCESSOR_DEFINITIONS = "TI_VERSION=$(TI_VERSION)";
				GCC_TREAT_WARNINGS_AS_ERRORS = NO;
				GCC_VERSION = "";
				GCC_WARN_ABOUT_RETURN_TYPE = NO;
				GCC_WARN_MISSING_PARENTHESES = NO;
				GCC_WARN_SHADOW = NO;
				GCC_WARN_STRICT_SELECTOR_MATCH = NO;
				GCC_WARN_UNUSED_FUNCTION = YES;
				GCC_WARN_UNUSED_PARAMETER = NO;
				GCC_WARN_UNUSED_VALUE = NO;
				GCC_WARN_UNUSED_VARIABLE = NO;
				INSTALL_PATH = /usr/local/lib;
				LIBRARY_SEARCH_PATHS = "$(PROJECT_DIR)/vendor/brightcove-player-sdk-ios/Library";
				OTHER_CFLAGS = (
					"-DDEBUG",
					"-DTI_POST_1_2",
				);
				OTHER_LDFLAGS = "-ObjC";
				PRODUCT_NAME = ComAppersonlabsBrightcove;
				PROVISIONING_PROFILE = "";
				"PROVISIONING_PROFILE[sdk=iphoneos*]" = "";
				RUN_CLANG_STATIC_ANALYZER = NO;
				SDKROOT = iphoneos;
				USER_HEADER_SEARCH_PATHS = "";
			};
			name = Debug;
		};
		1DEB922008733DC00010E9CD /* Release */ = {
			isa = XCBuildConfiguration;
			baseConfigurationReference = 24DD6D1B1134B66800162E58 /* titanium.xcconfig */;
			buildSettings = {
				ALWAYS_SEARCH_USER_PATHS = NO;
				DSTROOT = /tmp/ComAppersonlabsBrightcove.dst;
				GCC_C_LANGUAGE_STANDARD = c99;
				GCC_MODEL_TUNING = G5;
				GCC_PRECOMPILE_PREFIX_HEADER = YES;
				GCC_PREFIX_HEADER = ComAppersonlabsBrightcove_Prefix.pch;
				GCC_PREPROCESSOR_DEFINITIONS = "TI_VERSION=$(TI_VERSION)";
				GCC_TREAT_WARNINGS_AS_ERRORS = NO;
				GCC_VERSION = "";
				GCC_WARN_ABOUT_RETURN_TYPE = NO;
				GCC_WARN_MISSING_PARENTHESES = NO;
				GCC_WARN_SHADOW = NO;
				GCC_WARN_STRICT_SELECTOR_MATCH = NO;
				GCC_WARN_UNUSED_FUNCTION = YES;
				GCC_WARN_UNUSED_PARAMETER = NO;
				GCC_WARN_UNUSED_VALUE = NO;
				GCC_WARN_UNUSED_VARIABLE = NO;
				INSTALL_PATH = /usr/local/lib;
				IPHONEOS_DEPLOYMENT_TARGET = 4.0;
				LIBRARY_SEARCH_PATHS = "$(PROJECT_DIR)/vendor/brightcove-player-sdk-ios/Library";
				OTHER_CFLAGS = "-DTI_POST_1_2";
				OTHER_LDFLAGS = "-ObjC";
				PRODUCT_NAME = ComAppersonlabsBrightcove;
				RUN_CLANG_STATIC_ANALYZER = NO;
				SDKROOT = iphoneos;
				USER_HEADER_SEARCH_PATHS = "";
			};
			name = Release;
		};
		1DEB922308733DC00010E9CD /* Debug */ = {
			isa = XCBuildConfiguration;
			baseConfigurationReference = 24DD6D1B1134B66800162E58 /* titanium.xcconfig */;
			buildSettings = {
				CLANG_CXX_LIBRARY = "libstdc++";
				CODE_SIGN_IDENTITY = "iPhone Developer";
				"CODE_SIGN_IDENTITY[sdk=iphoneos*]" = "iPhone Developer";
				DSTROOT = /tmp/ComAppersonlabsBrightcove.dst;
				GCC_C_LANGUAGE_STANDARD = c99;
				GCC_OPTIMIZATION_LEVEL = 0;
				GCC_PRECOMPILE_PREFIX_HEADER = YES;
				GCC_PREFIX_HEADER = ComAppersonlabsBrightcove_Prefix.pch;
				GCC_PREPROCESSOR_DEFINITIONS = "TI_VERSION=$(TI_VERSION)";
				GCC_TREAT_WARNINGS_AS_ERRORS = NO;
				GCC_VERSION = "";
				GCC_WARN_ABOUT_RETURN_TYPE = NO;
				GCC_WARN_MISSING_PARENTHESES = NO;
				GCC_WARN_SHADOW = NO;
				GCC_WARN_STRICT_SELECTOR_MATCH = NO;
				GCC_WARN_UNUSED_FUNCTION = YES;
				GCC_WARN_UNUSED_PARAMETER = NO;
				GCC_WARN_UNUSED_VALUE = NO;
				GCC_WARN_UNUSED_VARIABLE = NO;
				INSTALL_PATH = /usr/local/lib;
				OTHER_CFLAGS = (
					"-DDEBUG",
					"-DTI_POST_1_2",
				);
				OTHER_LDFLAGS = "-ObjC";
				PRODUCT_NAME = ComAppersonlabsBrightcove;
				PROVISIONING_PROFILE = "";
				"PROVISIONING_PROFILE[sdk=iphoneos*]" = "";
				RUN_CLANG_STATIC_ANALYZER = NO;
				SDKROOT = iphoneos;
				USER_HEADER_SEARCH_PATHS = "";
			};
			name = Debug;
		};
		1DEB922408733DC00010E9CD /* Release */ = {
			isa = XCBuildConfiguration;
			baseConfigurationReference = 24DD6D1B1134B66800162E58 /* titanium.xcconfig */;
			buildSettings = {
				ALWAYS_SEARCH_USER_PATHS = NO;
				CLANG_CXX_LIBRARY = "libstdc++";
				DSTROOT = /tmp/ComAppersonlabsBrightcove.dst;
				GCC_C_LANGUAGE_STANDARD = c99;
				GCC_MODEL_TUNING = G5;
				GCC_PRECOMPILE_PREFIX_HEADER = YES;
				GCC_PREFIX_HEADER = ComAppersonlabsBrightcove_Prefix.pch;
				GCC_PREPROCESSOR_DEFINITIONS = "TI_VERSION=$(TI_VERSION)";
				GCC_TREAT_WARNINGS_AS_ERRORS = NO;
				GCC_VERSION = "";
				GCC_WARN_ABOUT_RETURN_TYPE = NO;
				GCC_WARN_MISSING_PARENTHESES = NO;
				GCC_WARN_SHADOW = NO;
				GCC_WARN_STRICT_SELECTOR_MATCH = NO;
				GCC_WARN_UNUSED_FUNCTION = YES;
				GCC_WARN_UNUSED_PARAMETER = NO;
				GCC_WARN_UNUSED_VALUE = NO;
				GCC_WARN_UNUSED_VARIABLE = NO;
				INSTALL_PATH = /usr/local/lib;
				IPHONEOS_DEPLOYMENT_TARGET = 4.0;
				OTHER_CFLAGS = "-DTI_POST_1_2";
				OTHER_LDFLAGS = "-ObjC";
				PRODUCT_NAME = ComAppersonlabsBrightcove;
				RUN_CLANG_STATIC_ANALYZER = NO;
				SDKROOT = iphoneos;
				USER_HEADER_SEARCH_PATHS = "";
			};
			name = Release;
		};
		24416B8211C4CA220047AFDD /* Debug */ = {
			isa = XCBuildConfiguration;
			baseConfigurationReference = 24DD6D1B1134B66800162E58 /* titanium.xcconfig */;
			buildSettings = {
				COPY_PHASE_STRIP = NO;
				GCC_DYNAMIC_NO_PIC = NO;
				GCC_OPTIMIZATION_LEVEL = 0;
				PRODUCT_NAME = "Build & test";
			};
			name = Debug;
		};
		24416B8311C4CA220047AFDD /* Release */ = {
			isa = XCBuildConfiguration;
			baseConfigurationReference = 24DD6D1B1134B66800162E58 /* titanium.xcconfig */;
			buildSettings = {
				COPY_PHASE_STRIP = YES;
				DEBUG_INFORMATION_FORMAT = "dwarf-with-dsym";
				GCC_ENABLE_FIX_AND_CONTINUE = NO;
				PRODUCT_NAME = "Build & test";
				ZERO_LINK = NO;
			};
			name = Release;
		};
/* End XCBuildConfiguration section */

/* Begin XCConfigurationList section */
		1DEB921E08733DC00010E9CD /* Build configuration list for PBXNativeTarget "brightcove" */ = {
			isa = XCConfigurationList;
			buildConfigurations = (
				1DEB921F08733DC00010E9CD /* Debug */,
				1DEB922008733DC00010E9CD /* Release */,
			);
			defaultConfigurationIsVisible = 0;
			defaultConfigurationName = Release;
		};
		1DEB922208733DC00010E9CD /* Build configuration list for PBXProject "brightcove" */ = {
			isa = XCConfigurationList;
			buildConfigurations = (
				1DEB922308733DC00010E9CD /* Debug */,
				1DEB922408733DC00010E9CD /* Release */,
			);
			defaultConfigurationIsVisible = 0;
			defaultConfigurationName = Release;
		};
		24416B8A11C4CA520047AFDD /* Build configuration list for PBXAggregateTarget "Build & Test" */ = {
			isa = XCConfigurationList;
			buildConfigurations = (
				24416B8211C4CA220047AFDD /* Debug */,
				24416B8311C4CA220047AFDD /* Release */,
			);
			defaultConfigurationIsVisible = 0;
			defaultConfigurationName = Release;
		};
/* End XCConfigurationList section */
	};
	rootObject = 0867D690FE84028FC02AAC07 /* Project object */;
}
